
Microsoft Visual Studio Solution File, Format Version 12.00
# Visual Studio 14
VisualStudioVersion = 14.0.25420.1
MinimumVisualStudioVersion = 10.0.40219.1
Project("{8BC9CEB8-8B4A-11D0-8D11-00A0C91BC942}") = "tessellation", "tessellation\tessellation.vcxproj", "{015C3F70-FFCE-45DA-80E0-5DED015868D7}"
EndProject
Project("{8BC9CEB8-8B4A-11D0-8D11-00A0C91BC942}") = "displacement", "displacement\displacement.vcxproj", "{44B86F78-3931-4198-B189-6DF4B32FA8AE}"
EndProject
Project("{8BC9CEB8-8B4A-11D0-8D11-00A0C91BC942}") = "gears", "gears\gears.vcxproj", "{308FA88E-E958-4F2E-B571-21EBC19E06C6}"
EndProject
Project("{8BC9CEB8-8B4A-11D0-8D11-00A0C91BC942}") = "texture", "texture\texture.vcxproj", "{57261E3A-6A05-4E33-B521-C4CB82D916B3}"
EndProject
Project("{8BC9CEB8-8B4A-11D0-8D11-00A0C91BC942}") = "bloom", "bloom\bloom.vcxproj", "{DF2888BD-8794-4074-8E9C-1E70443CE45E}"
EndProject
Project("{8BC9CEB8-8B4A-11D0-8D11-00A0C91BC942}") = "computeshader", "computeshader\computeshader.vcxproj", "{553C9532-8989-4851-9D59-557C64FF62BE}"
EndProject
Project("{8BC9CEB8-8B4A-11D0-8D11-00A0C91BC942}") = "computeparticles", "computeparticles\computeparticles.vcxproj", "{5A049556-EA1E-4985-8D0B-3748E5D56F68}"
EndProject
Project("{8BC9CEB8-8B4A-11D0-8D11-00A0C91BC942}") = "texturecubemap", "texturecubemap\texturecubemap.vcxproj", "{0D4DE16B-71FE-4B17-8310-3FFFB9E873B7}"
EndProject
Project("{8BC9CEB8-8B4A-11D0-8D11-00A0C91BC942}") = "texturearray", "texturearray\texturearray.vcxproj", "{5E512F97-14DB-4CEE-A495-BD8AED789521}"
EndProject
Project("{8BC9CEB8-8B4A-11D0-8D11-00A0C91BC942}") = "deferred", "deferred\deferred.vcxproj", "{AF2911F4-33BF-465E-9298-E46D58B929EF}"
EndProject
Project("{8BC9CEB8-8B4A-11D0-8D11-00A0C91BC942}") = "distancefieldfonts", "distancefieldfonts\distancefieldfonts.vcxproj", "{ABBB2F3B-C176-4006-853F-FC695AEF5DA0}"
EndProject
Project("{8BC9CEB8-8B4A-11D0-8D11-00A0C91BC942}") = "raytracing", "raytracing\raytracing.vcxproj", "{8B1C24E5-CC00-484C-9F6F-8FFCBDA3AA30}"
EndProject
Project("{8BC9CEB8-8B4A-11D0-8D11-00A0C91BC942}") = "debugmarker", "debugmarker\debugmarker.vcxproj", "{146FD6F8-5CB4-478E-A823-7350A0ACCF1D}"
EndProject
Project("{8BC9CEB8-8B4A-11D0-8D11-00A0C91BC942}") = "terraintessellation", "terraintessellation\terraintessellation.vcxproj", "{6C6E48B1-5946-4754-9E31-E1C989EC25FE}"
EndProject
Project("{8BC9CEB8-8B4A-11D0-8D11-00A0C91BC942}") = "deferredshadows", "deferredshadows\deferredshadows.vcxproj", "{BFEB15A3-D252-4AF7-8CA8-B9396F374DDB}"
EndProject
Project("{8BC9CEB8-8B4A-11D0-8D11-00A0C91BC942}") = "texturemipmapgen", "texturemipmapgen\texturemipmapgen.vcxproj", "{24AD09B4-6ABE-4A82-83E7-6A7799A88762}"
EndProject
Project("{2150E333-8FDC-42A3-9474-1A3956D46DE8}") = "Compute", "Compute", "{6B47BC47-0394-429E-9441-867EC23DFCD4}"
EndProject
Project("{2150E333-8FDC-42A3-9474-1A3956D46DE8}") = "Textures", "Textures", "{A8492D6D-5243-456E-8173-39B99F1FEA9C}"
EndProject
Project("{2150E333-8FDC-42A3-9474-1A3956D46DE8}") = "Tessellation", "Tessellation", "{C93DE675-A816-4412-8E9F-1EFE9AC07750}"
EndProject
Project("{8BC9CEB8-8B4A-11D0-8D11-00A0C91BC942}") = "texture3d", "texture3d\texture3d.vcxproj", "{D36B82DD-9114-44D2-A9C9-8DF0F8544BD5}"
EndProject
Project("{8BC9CEB8-8B4A-11D0-8D11-00A0C91BC942}") = "texturesparseresidency", "texturesparseresidency\texturesparseresidency.vcxproj", "{1FA0178C-F5E9-4B2E-A488-14F310F8DBD9}"
EndProject
Project("{2150E333-8FDC-42A3-9474-1A3956D46DE8}") = "deferred", "deferred", "{460EE42F-4178-49EF-9AC0-415599B80303}"
EndProject
Project("{8BC9CEB8-8B4A-11D0-8D11-00A0C91BC942}") = "deferredmultisampling", "deferredmultisampling\deferredmultisampling.vcxproj", "{0CB44B34-A81F-4002-9AC7-E0EEA55D8A60}"
EndProject
Project("{8BC9CEB8-8B4A-11D0-8D11-00A0C91BC942}") = "computecullandlod", "computecullandlod\computecullandlod.vcxproj", "{8418A364-3D1C-4938-A2CC-C1D1433039F2}"
EndProject
Project("{8BC9CEB8-8B4A-11D0-8D11-00A0C91BC942}") = "mytest", "mytest\mytest.vcxproj", "{7CAA1FD5-62CB-4069-A627-3803A906B045}"
EndProject
Project("{8BC9CEB8-8B4A-11D0-8D11-00A0C91BC942}") = "vkcore", "base\vkcore.vcxproj", "{1032BA4B-57EB-4348-9E03-29DD63E80E4A}"
EndProject
Project("{8BC9CEB8-8B4A-11D0-8D11-00A0C91BC942}") = "Example", "example\Example.vcxproj", "{3E6755A8-7370-4449-A8B7-4FCDCABD242C}"
EndProject
Global
	GlobalSection(SolutionConfigurationPlatforms) = preSolution
		Debug|x64 = Debug|x64
		DebugMem|x64 = DebugMem|x64
		Release|x64 = Release|x64
	EndGlobalSection
	GlobalSection(ProjectConfigurationPlatforms) = postSolution
		{015C3F70-FFCE-45DA-80E0-5DED015868D7}.Debug|x64.ActiveCfg = Debug|x64
		{015C3F70-FFCE-45DA-80E0-5DED015868D7}.Debug|x64.Build.0 = Debug|x64
		{015C3F70-FFCE-45DA-80E0-5DED015868D7}.DebugMem|x64.ActiveCfg = Debug|x64
		{015C3F70-FFCE-45DA-80E0-5DED015868D7}.DebugMem|x64.Build.0 = Debug|x64
		{015C3F70-FFCE-45DA-80E0-5DED015868D7}.Release|x64.ActiveCfg = Release|x64
		{015C3F70-FFCE-45DA-80E0-5DED015868D7}.Release|x64.Build.0 = Release|x64
		{44B86F78-3931-4198-B189-6DF4B32FA8AE}.Debug|x64.ActiveCfg = Debug|x64
		{44B86F78-3931-4198-B189-6DF4B32FA8AE}.Debug|x64.Build.0 = Debug|x64
		{44B86F78-3931-4198-B189-6DF4B32FA8AE}.DebugMem|x64.ActiveCfg = Debug|x64
		{44B86F78-3931-4198-B189-6DF4B32FA8AE}.DebugMem|x64.Build.0 = Debug|x64
		{44B86F78-3931-4198-B189-6DF4B32FA8AE}.Release|x64.ActiveCfg = Release|x64
		{44B86F78-3931-4198-B189-6DF4B32FA8AE}.Release|x64.Build.0 = Release|x64
		{308FA88E-E958-4F2E-B571-21EBC19E06C6}.Debug|x64.ActiveCfg = Debug|x64
		{308FA88E-E958-4F2E-B571-21EBC19E06C6}.Debug|x64.Build.0 = Debug|x64
		{308FA88E-E958-4F2E-B571-21EBC19E06C6}.DebugMem|x64.ActiveCfg = Debug|x64
		{308FA88E-E958-4F2E-B571-21EBC19E06C6}.DebugMem|x64.Build.0 = Debug|x64
		{308FA88E-E958-4F2E-B571-21EBC19E06C6}.Release|x64.ActiveCfg = Release|x64
		{308FA88E-E958-4F2E-B571-21EBC19E06C6}.Release|x64.Build.0 = Release|x64
		{57261E3A-6A05-4E33-B521-C4CB82D916B3}.Debug|x64.ActiveCfg = Debug|x64
		{57261E3A-6A05-4E33-B521-C4CB82D916B3}.Debug|x64.Build.0 = Debug|x64
		{57261E3A-6A05-4E33-B521-C4CB82D916B3}.DebugMem|x64.ActiveCfg = Debug|x64
		{57261E3A-6A05-4E33-B521-C4CB82D916B3}.DebugMem|x64.Build.0 = Debug|x64
		{57261E3A-6A05-4E33-B521-C4CB82D916B3}.Release|x64.ActiveCfg = Release|x64
		{57261E3A-6A05-4E33-B521-C4CB82D916B3}.Release|x64.Build.0 = Release|x64
		{DF2888BD-8794-4074-8E9C-1E70443CE45E}.Debug|x64.ActiveCfg = Debug|x64
		{DF2888BD-8794-4074-8E9C-1E70443CE45E}.Debug|x64.Build.0 = Debug|x64
		{DF2888BD-8794-4074-8E9C-1E70443CE45E}.DebugMem|x64.ActiveCfg = Debug|x64
		{DF2888BD-8794-4074-8E9C-1E70443CE45E}.DebugMem|x64.Build.0 = Debug|x64
		{DF2888BD-8794-4074-8E9C-1E70443CE45E}.Release|x64.ActiveCfg = Release|x64
		{DF2888BD-8794-4074-8E9C-1E70443CE45E}.Release|x64.Build.0 = Release|x64
		{553C9532-8989-4851-9D59-557C64FF62BE}.Debug|x64.ActiveCfg = Debug|x64
		{553C9532-8989-4851-9D59-557C64FF62BE}.Debug|x64.Build.0 = Debug|x64
		{553C9532-8989-4851-9D59-557C64FF62BE}.DebugMem|x64.ActiveCfg = Debug|x64
		{553C9532-8989-4851-9D59-557C64FF62BE}.DebugMem|x64.Build.0 = Debug|x64
		{553C9532-8989-4851-9D59-557C64FF62BE}.Release|x64.ActiveCfg = Release|x64
		{553C9532-8989-4851-9D59-557C64FF62BE}.Release|x64.Build.0 = Release|x64
		{5A049556-EA1E-4985-8D0B-3748E5D56F68}.Debug|x64.ActiveCfg = Debug|x64
		{5A049556-EA1E-4985-8D0B-3748E5D56F68}.Debug|x64.Build.0 = Debug|x64
		{5A049556-EA1E-4985-8D0B-3748E5D56F68}.DebugMem|x64.ActiveCfg = Debug|x64
		{5A049556-EA1E-4985-8D0B-3748E5D56F68}.DebugMem|x64.Build.0 = Debug|x64
		{5A049556-EA1E-4985-8D0B-3748E5D56F68}.Release|x64.ActiveCfg = Release|x64
		{5A049556-EA1E-4985-8D0B-3748E5D56F68}.Release|x64.Build.0 = Release|x64
		{0D4DE16B-71FE-4B17-8310-3FFFB9E873B7}.Debug|x64.ActiveCfg = Debug|x64
		{0D4DE16B-71FE-4B17-8310-3FFFB9E873B7}.Debug|x64.Build.0 = Debug|x64
		{0D4DE16B-71FE-4B17-8310-3FFFB9E873B7}.DebugMem|x64.ActiveCfg = Debug|x64
		{0D4DE16B-71FE-4B17-8310-3FFFB9E873B7}.DebugMem|x64.Build.0 = Debug|x64
		{0D4DE16B-71FE-4B17-8310-3FFFB9E873B7}.Release|x64.ActiveCfg = Release|x64
		{0D4DE16B-71FE-4B17-8310-3FFFB9E873B7}.Release|x64.Build.0 = Release|x64
		{5E512F97-14DB-4CEE-A495-BD8AED789521}.Debug|x64.ActiveCfg = Debug|x64
		{5E512F97-14DB-4CEE-A495-BD8AED789521}.Debug|x64.Build.0 = Debug|x64
		{5E512F97-14DB-4CEE-A495-BD8AED789521}.DebugMem|x64.ActiveCfg = Debug|x64
		{5E512F97-14DB-4CEE-A495-BD8AED789521}.DebugMem|x64.Build.0 = Debug|x64
		{5E512F97-14DB-4CEE-A495-BD8AED789521}.Release|x64.ActiveCfg = Release|x64
		{5E512F97-14DB-4CEE-A495-BD8AED789521}.Release|x64.Build.0 = Release|x64
		{AF2911F4-33BF-465E-9298-E46D58B929EF}.Debug|x64.ActiveCfg = Debug|x64
		{AF2911F4-33BF-465E-9298-E46D58B929EF}.Debug|x64.Build.0 = Debug|x64
		{AF2911F4-33BF-465E-9298-E46D58B929EF}.DebugMem|x64.ActiveCfg = Debug|x64
		{AF2911F4-33BF-465E-9298-E46D58B929EF}.DebugMem|x64.Build.0 = Debug|x64
		{AF2911F4-33BF-465E-9298-E46D58B929EF}.Release|x64.ActiveCfg = Release|x64
		{AF2911F4-33BF-465E-9298-E46D58B929EF}.Release|x64.Build.0 = Release|x64
		{ABBB2F3B-C176-4006-853F-FC695AEF5DA0}.Debug|x64.ActiveCfg = Debug|x64
		{ABBB2F3B-C176-4006-853F-FC695AEF5DA0}.Debug|x64.Build.0 = Debug|x64
		{ABBB2F3B-C176-4006-853F-FC695AEF5DA0}.DebugMem|x64.ActiveCfg = Debug|x64
		{ABBB2F3B-C176-4006-853F-FC695AEF5DA0}.DebugMem|x64.Build.0 = Debug|x64
		{ABBB2F3B-C176-4006-853F-FC695AEF5DA0}.Release|x64.ActiveCfg = Release|x64
		{ABBB2F3B-C176-4006-853F-FC695AEF5DA0}.Release|x64.Build.0 = Release|x64
		{8B1C24E5-CC00-484C-9F6F-8FFCBDA3AA30}.Debug|x64.ActiveCfg = Debug|x64
		{8B1C24E5-CC00-484C-9F6F-8FFCBDA3AA30}.Debug|x64.Build.0 = Debug|x64
		{8B1C24E5-CC00-484C-9F6F-8FFCBDA3AA30}.DebugMem|x64.ActiveCfg = Debug|x64
		{8B1C24E5-CC00-484C-9F6F-8FFCBDA3AA30}.DebugMem|x64.Build.0 = Debug|x64
		{8B1C24E5-CC00-484C-9F6F-8FFCBDA3AA30}.Release|x64.ActiveCfg = Release|x64
		{8B1C24E5-CC00-484C-9F6F-8FFCBDA3AA30}.Release|x64.Build.0 = Release|x64
		{146FD6F8-5CB4-478E-A823-7350A0ACCF1D}.Debug|x64.ActiveCfg = Debug|x64
		{146FD6F8-5CB4-478E-A823-7350A0ACCF1D}.Debug|x64.Build.0 = Debug|x64
		{146FD6F8-5CB4-478E-A823-7350A0ACCF1D}.DebugMem|x64.ActiveCfg = Debug|x64
		{146FD6F8-5CB4-478E-A823-7350A0ACCF1D}.DebugMem|x64.Build.0 = Debug|x64
		{146FD6F8-5CB4-478E-A823-7350A0ACCF1D}.Release|x64.ActiveCfg = Release|x64
		{146FD6F8-5CB4-478E-A823-7350A0ACCF1D}.Release|x64.Build.0 = Release|x64
		{6C6E48B1-5946-4754-9E31-E1C989EC25FE}.Debug|x64.ActiveCfg = Debug|x64
		{6C6E48B1-5946-4754-9E31-E1C989EC25FE}.Debug|x64.Build.0 = Debug|x64
		{6C6E48B1-5946-4754-9E31-E1C989EC25FE}.DebugMem|x64.ActiveCfg = Debug|x64
		{6C6E48B1-5946-4754-9E31-E1C989EC25FE}.DebugMem|x64.Build.0 = Debug|x64
		{6C6E48B1-5946-4754-9E31-E1C989EC25FE}.Release|x64.ActiveCfg = Release|x64
		{6C6E48B1-5946-4754-9E31-E1C989EC25FE}.Release|x64.Build.0 = Release|x64
		{BFEB15A3-D252-4AF7-8CA8-B9396F374DDB}.Debug|x64.ActiveCfg = Debug|x64
		{BFEB15A3-D252-4AF7-8CA8-B9396F374DDB}.Debug|x64.Build.0 = Debug|x64
		{BFEB15A3-D252-4AF7-8CA8-B9396F374DDB}.DebugMem|x64.ActiveCfg = Debug|x64
		{BFEB15A3-D252-4AF7-8CA8-B9396F374DDB}.DebugMem|x64.Build.0 = Debug|x64
		{BFEB15A3-D252-4AF7-8CA8-B9396F374DDB}.Release|x64.ActiveCfg = Release|x64
		{BFEB15A3-D252-4AF7-8CA8-B9396F374DDB}.Release|x64.Build.0 = Release|x64
		{24AD09B4-6ABE-4A82-83E7-6A7799A88762}.Debug|x64.ActiveCfg = Debug|x64
		{24AD09B4-6ABE-4A82-83E7-6A7799A88762}.Debug|x64.Build.0 = Debug|x64
		{24AD09B4-6ABE-4A82-83E7-6A7799A88762}.DebugMem|x64.ActiveCfg = Debug|x64
		{24AD09B4-6ABE-4A82-83E7-6A7799A88762}.DebugMem|x64.Build.0 = Debug|x64
		{24AD09B4-6ABE-4A82-83E7-6A7799A88762}.Release|x64.ActiveCfg = Release|x64
		{24AD09B4-6ABE-4A82-83E7-6A7799A88762}.Release|x64.Build.0 = Release|x64
		{D36B82DD-9114-44D2-A9C9-8DF0F8544BD5}.Debug|x64.ActiveCfg = Debug|x64
		{D36B82DD-9114-44D2-A9C9-8DF0F8544BD5}.Debug|x64.Build.0 = Debug|x64
		{D36B82DD-9114-44D2-A9C9-8DF0F8544BD5}.DebugMem|x64.ActiveCfg = Debug|x64
		{D36B82DD-9114-44D2-A9C9-8DF0F8544BD5}.DebugMem|x64.Build.0 = Debug|x64
		{D36B82DD-9114-44D2-A9C9-8DF0F8544BD5}.Release|x64.ActiveCfg = Release|x64
		{D36B82DD-9114-44D2-A9C9-8DF0F8544BD5}.Release|x64.Build.0 = Release|x64
		{1FA0178C-F5E9-4B2E-A488-14F310F8DBD9}.Debug|x64.ActiveCfg = Debug|x64
		{1FA0178C-F5E9-4B2E-A488-14F310F8DBD9}.Debug|x64.Build.0 = Debug|x64
		{1FA0178C-F5E9-4B2E-A488-14F310F8DBD9}.DebugMem|x64.ActiveCfg = Debug|x64
		{1FA0178C-F5E9-4B2E-A488-14F310F8DBD9}.DebugMem|x64.Build.0 = Debug|x64
		{1FA0178C-F5E9-4B2E-A488-14F310F8DBD9}.Release|x64.ActiveCfg = Release|x64
		{1FA0178C-F5E9-4B2E-A488-14F310F8DBD9}.Release|x64.Build.0 = Release|x64
		{0CB44B34-A81F-4002-9AC7-E0EEA55D8A60}.Debug|x64.ActiveCfg = Debug|x64
		{0CB44B34-A81F-4002-9AC7-E0EEA55D8A60}.Debug|x64.Build.0 = Debug|x64
		{0CB44B34-A81F-4002-9AC7-E0EEA55D8A60}.DebugMem|x64.ActiveCfg = Debug|x64
		{0CB44B34-A81F-4002-9AC7-E0EEA55D8A60}.DebugMem|x64.Build.0 = Debug|x64
		{0CB44B34-A81F-4002-9AC7-E0EEA55D8A60}.Release|x64.ActiveCfg = Release|x64
		{0CB44B34-A81F-4002-9AC7-E0EEA55D8A60}.Release|x64.Build.0 = Release|x64
		{8418A364-3D1C-4938-A2CC-C1D1433039F2}.Debug|x64.ActiveCfg = Debug|x64
		{8418A364-3D1C-4938-A2CC-C1D1433039F2}.Debug|x64.Build.0 = Debug|x64
		{8418A364-3D1C-4938-A2CC-C1D1433039F2}.DebugMem|x64.ActiveCfg = Debug|x64
		{8418A364-3D1C-4938-A2CC-C1D1433039F2}.DebugMem|x64.Build.0 = Debug|x64
		{8418A364-3D1C-4938-A2CC-C1D1433039F2}.Release|x64.ActiveCfg = Release|x64
		{8418A364-3D1C-4938-A2CC-C1D1433039F2}.Release|x64.Build.0 = Release|x64
		{7CAA1FD5-62CB-4069-A627-3803A906B045}.Debug|x64.ActiveCfg = Debug|x64
		{7CAA1FD5-62CB-4069-A627-3803A906B045}.Debug|x64.Build.0 = Debug|x64
		{7CAA1FD5-62CB-4069-A627-3803A906B045}.DebugMem|x64.ActiveCfg = Debug|x64
		{7CAA1FD5-62CB-4069-A627-3803A906B045}.DebugMem|x64.Build.0 = Debug|x64
		{7CAA1FD5-62CB-4069-A627-3803A906B045}.Release|x64.ActiveCfg = Release|x64
		{7CAA1FD5-62CB-4069-A627-3803A906B045}.Release|x64.Build.0 = Release|x64
		{1032BA4B-57EB-4348-9E03-29DD63E80E4A}.Debug|x64.ActiveCfg = Debug|x64
		{1032BA4B-57EB-4348-9E03-29DD63E80E4A}.Debug|x64.Build.0 = Debug|x64
		{1032BA4B-57EB-4348-9E03-29DD63E80E4A}.DebugMem|x64.ActiveCfg = DebugMem|x64
		{1032BA4B-57EB-4348-9E03-29DD63E80E4A}.DebugMem|x64.Build.0 = DebugMem|x64
		{1032BA4B-57EB-4348-9E03-29DD63E80E4A}.Release|x64.ActiveCfg = Release|x64
		{1032BA4B-57EB-4348-9E03-29DD63E80E4A}.Release|x64.Build.0 = Release|x64
		{3E6755A8-7370-4449-A8B7-4FCDCABD242C}.Debug|x64.ActiveCfg = Debug|x64
		{3E6755A8-7370-4449-A8B7-4FCDCABD242C}.Debug|x64.Build.0 = Debug|x64
		{3E6755A8-7370-4449-A8B7-4FCDCABD242C}.DebugMem|x64.ActiveCfg = Debug|x64
		{3E6755A8-7370-4449-A8B7-4FCDCABD242C}.DebugMem|x64.Build.0 = Debug|x64
		{3E6755A8-7370-4449-A8B7-4FCDCABD242C}.Release|x64.ActiveCfg = Release|x64
		{3E6755A8-7370-4449-A8B7-4FCDCABD242C}.Release|x64.Build.0 = Release|x64
	EndGlobalSection
	GlobalSection(SolutionProperties) = preSolution
		HideSolutionNode = FALSE
	EndGlobalSection
	GlobalSection(NestedProjects) = preSolution
		{015C3F70-FFCE-45DA-80E0-5DED015868D7} = {C93DE675-A816-4412-8E9F-1EFE9AC07750}
		{44B86F78-3931-4198-B189-6DF4B32FA8AE} = {C93DE675-A816-4412-8E9F-1EFE9AC07750}
		{57261E3A-6A05-4E33-B521-C4CB82D916B3} = {A8492D6D-5243-456E-8173-39B99F1FEA9C}
		{553C9532-8989-4851-9D59-557C64FF62BE} = {6B47BC47-0394-429E-9441-867EC23DFCD4}
		{5A049556-EA1E-4985-8D0B-3748E5D56F68} = {6B47BC47-0394-429E-9441-867EC23DFCD4}
		{0D4DE16B-71FE-4B17-8310-3FFFB9E873B7} = {A8492D6D-5243-456E-8173-39B99F1FEA9C}
		{5E512F97-14DB-4CEE-A495-BD8AED789521} = {A8492D6D-5243-456E-8173-39B99F1FEA9C}
		{AF2911F4-33BF-465E-9298-E46D58B929EF} = {460EE42F-4178-49EF-9AC0-415599B80303}
		{8B1C24E5-CC00-484C-9F6F-8FFCBDA3AA30} = {6B47BC47-0394-429E-9441-867EC23DFCD4}
		{6C6E48B1-5946-4754-9E31-E1C989EC25FE} = {C93DE675-A816-4412-8E9F-1EFE9AC07750}
		{BFEB15A3-D252-4AF7-8CA8-B9396F374DDB} = {460EE42F-4178-49EF-9AC0-415599B80303}
		{24AD09B4-6ABE-4A82-83E7-6A7799A88762} = {A8492D6D-5243-456E-8173-39B99F1FEA9C}
		{D36B82DD-9114-44D2-A9C9-8DF0F8544BD5} = {A8492D6D-5243-456E-8173-39B99F1FEA9C}
		{1FA0178C-F5E9-4B2E-A488-14F310F8DBD9} = {A8492D6D-5243-456E-8173-39B99F1FEA9C}
		{0CB44B34-A81F-4002-9AC7-E0EEA55D8A60} = {460EE42F-4178-49EF-9AC0-415599B80303}
		{8418A364-3D1C-4938-A2CC-C1D1433039F2} = {6B47BC47-0394-429E-9441-867EC23DFCD4}
	EndGlobalSection
EndGlobal
