<?xml version="1.0" encoding="utf-8"?>
<Project ToolsVersion="4.0" xmlns="http://schemas.microsoft.com/developer/msbuild/2003">
  <ItemGroup>
    <ClCompile Include="vkcore\VulkanBase.cpp">
      <Filter>vkcore</Filter>
    </ClCompile>
    <ClCompile Include="vkcore\vulkandebug.cpp">
      <Filter>vkcore</Filter>
    </ClCompile>
    <ClCompile Include="vkcore\vulkantextoverlay.cpp">
      <Filter>vkcore</Filter>
    </ClCompile>
    <ClCompile Include="vkcore\vulkantools.cpp">
      <Filter>vkcore</Filter>
    </ClCompile>
    <ClCompile Include="vkcore\VkCoreDevice.cpp">
      <Filter>vkcore</Filter>
    </ClCompile>
    <ClCompile Include="..\..\gameplay\src\Matrix.cpp">
      <Filter>math</Filter>
    </ClCompile>
    <ClCompile Include="..\..\gameplay\src\Vector2.cpp">
      <Filter>math</Filter>
    </ClCompile>
    <ClCompile Include="..\..\gameplay\src\Vector3.cpp">
      <Filter>math</Filter>
    </ClCompile>
    <ClCompile Include="..\..\gameplay\src\Vector4.cpp">
      <Filter>math</Filter>
    </ClCompile>
    <ClCompile Include="..\..\gameplay\src\Plane.cpp">
      <Filter>math</Filter>
    </ClCompile>
    <ClCompile Include="..\..\gameplay\src\Ray.cpp">
      <Filter>math</Filter>
    </ClCompile>
    <ClCompile Include="..\..\gameplay\src\Logger.cpp">
      <Filter>math</Filter>
    </ClCompile>
    <ClCompile Include="..\..\gameplay\src\BoundingBox.cpp">
      <Filter>math</Filter>
    </ClCompile>
    <ClCompile Include="..\..\gameplay\src\BoundingSphere.cpp">
      <Filter>math</Filter>
    </ClCompile>
    <ClCompile Include="..\..\gameplay\src\Frustum.cpp">
      <Filter>math</Filter>
    </ClCompile>
    <ClCompile Include="triangle.cpp" />
  </ItemGroup>
  <ItemGroup>
    <Filter Include="vkcore">
      <UniqueIdentifier>{bbbf10e9-18da-46e5-8547-130b654f0848}</UniqueIdentifier>
    </Filter>
    <Filter Include="math">
      <UniqueIdentifier>{1ed5ad8c-612c-48fd-9265-5bb35e11a340}</UniqueIdentifier>
    </Filter>
  </ItemGroup>
  <ItemGroup>
    <ClInclude Include="vkcore\VkTriangle.hpp">
      <Filter>vkcore</Filter>
    </ClInclude>
    <ClInclude Include="vkcore\VulkanBase.h">
      <Filter>vkcore</Filter>
    </ClInclude>
    <ClInclude Include="vkcore\vulkanbuffer.hpp">
      <Filter>vkcore</Filter>
    </ClInclude>
    <ClInclude Include="vkcore\vulkandebug.h">
      <Filter>vkcore</Filter>
    </ClInclude>
    <ClInclude Include="vkcore\vulkanframebuffer.hpp">
      <Filter>vkcore</Filter>
    </ClInclude>
    <ClInclude Include="vkcore\vulkanheightmap.hpp">
      <Filter>vkcore</Filter>
    </ClInclude>
    <ClInclude Include="vkcore\vulkanMeshLoader.hpp">
      <Filter>vkcore</Filter>
    </ClInclude>
    <ClInclude Include="vkcore\vulkanswapchain.hpp">
      <Filter>vkcore</Filter>
    </ClInclude>
    <ClInclude Include="vkcore\vulkantextoverlay.hpp">
      <Filter>vkcore</Filter>
    </ClInclude>
    <ClInclude Include="vkcore\vulkanTextureLoader.hpp">
      <Filter>vkcore</Filter>
    </ClInclude>
    <ClInclude Include="vkcore\vulkantools.h">
      <Filter>vkcore</Filter>
    </ClInclude>
    <ClInclude Include="vkcore\define.h">
      <Filter>vkcore</Filter>
    </ClInclude>
    <ClInclude Include="vkcore\frustum.hpp">
      <Filter>vkcore</Filter>
    </ClInclude>
    <ClInclude Include="vkcore\threadpool.hpp">
      <Filter>vkcore</Filter>
    </ClInclude>
    <ClInclude Include="vkcore\VDeleter.hpp">
      <Filter>vkcore</Filter>
    </ClInclude>
    <ClInclude Include="vkcore\VkCamera.hpp">
      <Filter>vkcore</Filter>
    </ClInclude>
    <ClInclude Include="vkcore\VkCoreDevice.hpp">
      <Filter>vkcore</Filter>
    </ClInclude>
    <ClInclude Include="..\..\gameplay\src\Matrix.h">
      <Filter>math</Filter>
    </ClInclude>
    <ClInclude Include="..\..\gameplay\src\Vector2.h">
      <Filter>math</Filter>
    </ClInclude>
    <ClInclude Include="..\..\gameplay\src\Vector3.h">
      <Filter>math</Filter>
    </ClInclude>
    <ClInclude Include="..\..\gameplay\src\Vector4.h">
      <Filter>math</Filter>
    </ClInclude>
    <ClInclude Include="..\..\gameplay\src\Plane.h">
      <Filter>math</Filter>
    </ClInclude>
    <ClInclude Include="..\..\gameplay\src\Ray.h">
      <Filter>math</Filter>
    </ClInclude>
    <ClInclude Include="..\..\gameplay\src\Logger.h">
      <Filter>math</Filter>
    </ClInclude>
    <ClInclude Include="..\..\gameplay\src\BoundingBox.h">
      <Filter>math</Filter>
    </ClInclude>
    <ClInclude Include="..\..\gameplay\src\BoundingSphere.h">
      <Filter>math</Filter>
    </ClInclude>
    <ClInclude Include="..\..\gameplay\src\Frustum.h">
      <Filter>math</Filter>
    </ClInclude>
  </ItemGroup>
  <ItemGroup>
    <None Include="..\..\gameplay\src\Matrix.inl">
      <Filter>math</Filter>
    </None>
    <None Include="..\..\gameplay\src\Vector2.inl">
      <Filter>math</Filter>
    </None>
    <None Include="..\..\gameplay\src\Vector3.inl">
      <Filter>math</Filter>
    </None>
    <None Include="..\..\gameplay\src\Vector4.inl">
      <Filter>math</Filter>
    </None>
    <None Include="..\..\gameplay\src\Plane.inl">
      <Filter>math</Filter>
    </None>
    <None Include="..\..\gameplay\src\Ray.inl">
      <Filter>math</Filter>
    </None>
    <None Include="..\..\gameplay\src\BoundingSphere.inl">
      <Filter>math</Filter>
    </None>
    <None Include="..\..\gameplay\src\BoundingBox.inl">
      <Filter>math</Filter>
    </None>
  </ItemGroup>
</Project>